
Microsoft Visual Studio Solution File, Format Version 12.00
# Visual Studio 2013
VisualStudioVersion = 12.0.31101.0
MinimumVisualStudioVersion = 10.0.40219.1
Project("{FAE04EC0-301F-11D3-BF4B-00C04F79EFBC}") = "SMUS", "SMUS\SMUS.csproj", "{074AC784-239D-4FF2-A3B2-5968A6F60E30}"
	ProjectSection(ProjectDependencies) = postProject
		{5D922786-736B-455E-B1CE-B842EC549E3F} = {5D922786-736B-455E-B1CE-B842EC549E3F}
	EndProjectSection
EndProject
Project("{FAE04EC0-301F-11D3-BF4B-00C04F79EFBC}") = "SFML.Tools", "SFML.Tools\SFML.Tools.csproj", "{5D922786-736B-455E-B1CE-B842EC549E3F}"
EndProject
Global
	GlobalSection(SolutionConfigurationPlatforms) = preSolution
		Debug|Any CPU = Debug|Any CPU
		Debug|Mixed Platforms = Debug|Mixed Platforms
		Debug|x86 = Debug|x86
		Release|Any CPU = Release|Any CPU
		Release|Mixed Platforms = Release|Mixed Platforms
		Release|x86 = Release|x86
	EndGlobalSection
	GlobalSection(ProjectConfigurationPlatforms) = postSolution
		{074AC784-239D-4FF2-A3B2-5968A6F60E30}.Debug|Any CPU.ActiveCfg = Debug|Any CPU
		{074AC784-239D-4FF2-A3B2-5968A6F60E30}.Debug|Any CPU.Build.0 = Debug|Any CPU
		{074AC784-239D-4FF2-A3B2-5968A6F60E30}.Debug|Mixed Platforms.ActiveCfg = Debug|x86
		{074AC784-239D-4FF2-A3B2-5968A6F60E30}.Debug|Mixed Platforms.Build.0 = Debug|x86
		{074AC784-239D-4FF2-A3B2-5968A6F60E30}.Debug|x86.ActiveCfg = Debug|x86
		{074AC784-239D-4FF2-A3B2-5968A6F60E30}.Debug|x86.Build.0 = Debug|x86
		{074AC784-239D-4FF2-A3B2-5968A6F60E30}.Release|Any CPU.ActiveCfg = Release|Any CPU
		{074AC784-239D-4FF2-A3B2-5968A6F60E30}.Release|Any CPU.Build.0 = Release|Any CPU
		{074AC784-239D-4FF2-A3B2-5968A6F60E30}.Release|Mixed Platforms.ActiveCfg = Release|x86
		{074AC784-239D-4FF2-A3B2-5968A6F60E30}.Release|Mixed Platforms.Build.0 = Release|x86
		{074AC784-239D-4FF2-A3B2-5968A6F60E30}.Release|x86.ActiveCfg = Release|x86
		{074AC784-239D-4FF2-A3B2-5968A6F60E30}.Release|x86.Build.0 = Release|x86
		{5D922786-736B-455E-B1CE-B842EC549E3F}.Debug|Any CPU.ActiveCfg = Debug|Any CPU
		{5D922786-736B-455E-B1CE-B842EC549E3F}.Debug|Any CPU.Build.0 = Debug|Any CPU
		{5D922786-736B-455E-B1CE-B842EC549E3F}.Debug|Mixed Platforms.ActiveCfg = Debug|x86
		{5D922786-736B-455E-B1CE-B842EC549E3F}.Debug|Mixed Platforms.Build.0 = Debug|x86
		{5D922786-736B-455E-B1CE-B842EC549E3F}.Debug|x86.ActiveCfg = Debug|Any CPU
		{5D922786-736B-455E-B1CE-B842EC549E3F}.Release|Any CPU.ActiveCfg = Release|Any CPU
		{5D922786-736B-455E-B1CE-B842EC549E3F}.Release|Any CPU.Build.0 = Release|Any CPU
		{5D922786-736B-455E-B1CE-B842EC549E3F}.Release|Mixed Platforms.ActiveCfg = Release|x86
		{5D922786-736B-455E-B1CE-B842EC549E3F}.Release|Mixed Platforms.Build.0 = Release|x86
		{5D922786-736B-455E-B1CE-B842EC549E3F}.Release|x86.ActiveCfg = Release|Any CPU
	EndGlobalSection
	GlobalSection(SolutionProperties) = preSolution
		HideSolutionNode = FALSE
	EndGlobalSection
EndGlobal
